
Microsoft Visual Studio Solution File, Format Version 12.00
# Visual Studio Version 17
VisualStudioVersion = 17.4.33213.308
MinimumVisualStudioVersion = 10.0.40219.1
Project("{9A19103F-16F7-4668-BE54-9A1E7A4F7556}") = "BlazorModelValidation.Server", "BlazorModelValidation\Server\BlazorModelValidation.Server.csproj", "{66BF5D3C-1994-4D58-AAC5-F440238805CE}"
EndProject
Project("{9A19103F-16F7-4668-BE54-9A1E7A4F7556}") = "BlazorModelValidation.Client", "BlazorModelValidation\Client\BlazorModelValidation.Client.csproj", "{36BB12ED-B363-47F2-A555-510BA0838AF8}"
EndProject
Project("{9A19103F-16F7-4668-BE54-9A1E7A4F7556}") = "BlazorModelValidation.Shared", "BlazorModelValidation\Shared\BlazorModelValidation.Shared.csproj", "{224A48C5-9B88-40C4-8431-D57C885EE5C3}"
EndProject
Global
	GlobalSection(SolutionConfigurationPlatforms) = preSolution
		Debug|Any CPU = Debug|Any CPU
		Release|Any CPU = Release|Any CPU
	EndGlobalSection
	GlobalSection(ProjectConfigurationPlatforms) = postSolution
		{66BF5D3C-1994-4D58-AAC5-F440238805CE}.Debug|Any CPU.ActiveCfg = Debug|Any CPU
		{66BF5D3C-1994-4D58-AAC5-F440238805CE}.Debug|Any CPU.Build.0 = Debug|Any CPU
		{66BF5D3C-1994-4D58-AAC5-F440238805CE}.Release|Any CPU.ActiveCfg = Release|Any CPU
		{66BF5D3C-1994-4D58-AAC5-F440238805CE}.Release|Any CPU.Build.0 = Release|Any CPU
		{36BB12ED-B363-47F2-A555-510BA0838AF8}.Debug|Any CPU.ActiveCfg = Debug|Any CPU
		{36BB12ED-B363-47F2-A555-510BA0838AF8}.Debug|Any CPU.Build.0 = Debug|Any CPU
		{36BB12ED-B363-47F2-A555-510BA0838AF8}.Release|Any CPU.ActiveCfg = Release|Any CPU
		{36BB12ED-B363-47F2-A555-510BA0838AF8}.Release|Any CPU.Build.0 = Release|Any CPU
		{224A48C5-9B88-40C4-8431-D57C885EE5C3}.Debug|Any CPU.ActiveCfg = Debug|Any CPU
		{224A48C5-9B88-40C4-8431-D57C885EE5C3}.Debug|Any CPU.Build.0 = Debug|Any CPU
		{224A48C5-9B88-40C4-8431-D57C885EE5C3}.Release|Any CPU.ActiveCfg = Release|Any CPU
		{224A48C5-9B88-40C4-8431-D57C885EE5C3}.Release|Any CPU.Build.0 = Release|Any CPU
	EndGlobalSection
	GlobalSection(SolutionProperties) = preSolution
		HideSolutionNode = FALSE
	EndGlobalSection
	GlobalSection(ExtensibilityGlobals) = postSolution
		SolutionGuid = {EE5C31BB-D2FE-42CD-8CD2-DBBC5274CFA8}
	EndGlobalSection
EndGlobal
